// !$*UTF8*$!
{
	archiveVersion = 1;
	classes = {
	};
	objectVersion = 46;
	objects = {

/* Begin PBXBuildFile section */
		8B8E6C421D8FC3D900AFC860 /* main.m in Sources */ = {isa = PBXBuildFile; fileRef = 8B8E6C411D8FC3D900AFC860 /* main.m */; };
		8B8E6C451D8FC3D900AFC860 /* AppDelegate.m in Sources */ = {isa = PBXBuildFile; fileRef = 8B8E6C441D8FC3D900AFC860 /* AppDelegate.m */; };
		8B8E6C481D8FC3D900AFC860 /* ViewController.m in Sources */ = {isa = PBXBuildFile; fileRef = 8B8E6C471D8FC3D900AFC860 /* ViewController.m */; };
		8B8E6C4B1D8FC3D900AFC860 /* Main.storyboard in Resources */ = {isa = PBXBuildFile; fileRef = 8B8E6C491D8FC3D900AFC860 /* Main.storyboard */; };
		8B8E6C4D1D8FC3D900AFC860 /* Assets.xcassets in Resources */ = {isa = PBXBuildFile; fileRef = 8B8E6C4C1D8FC3D900AFC860 /* Assets.xcassets */; };
		8B8E6C501D8FC3D900AFC860 /* LaunchScreen.storyboard in Resources */ = {isa = PBXBuildFile; fileRef = 8B8E6C4E1D8FC3D900AFC860 /* LaunchScreen.storyboard */; };
		8B8E6C601D8FE0FB00AFC860 /* IntentHandler.m in Sources */ = {isa = PBXBuildFile; fileRef = 8B8E6C5F1D8FE0FB00AFC860 /* IntentHandler.m */; };
		8B8E6C691D8FE0FB00AFC860 /* IntentsUI.framework in Frameworks */ = {isa = PBXBuildFile; fileRef = 8B8E6C681D8FE0FB00AFC860 /* IntentsUI.framework */; };
		8B8E6C6D1D8FE0FB00AFC860 /* IntentViewController.m in Sources */ = {isa = PBXBuildFile; fileRef = 8B8E6C6C1D8FE0FB00AFC860 /* IntentViewController.m */; };
		8B8E6C701D8FE0FB00AFC860 /* MainInterface.storyboard in Resources */ = {isa = PBXBuildFile; fileRef = 8B8E6C6E1D8FE0FB00AFC860 /* MainInterface.storyboard */; };
		8B8E6C741D8FE0FB00AFC860 /* testSiriExtensionUI.appex in Embed App Extensions */ = {isa = PBXBuildFile; fileRef = 8B8E6C661D8FE0FB00AFC860 /* testSiriExtensionUI.appex */; settings = {ATTRIBUTES = (RemoveHeadersOnCopy, ); }; };
		8B8E6C771D8FE0FB00AFC860 /* testSiriExtension.appex in Embed App Extensions */ = {isa = PBXBuildFile; fileRef = 8B8E6C5C1D8FE0FA00AFC860 /* testSiriExtension.appex */; settings = {ATTRIBUTES = (RemoveHeadersOnCopy, ); }; };
/* End PBXBuildFile section */

/* Begin PBXContainerItemProxy section */
		8B8E6C721D8FE0FB00AFC860 /* PBXContainerItemProxy */ = {
			isa = PBXContainerItemProxy;
			containerPortal = 8B8E6C351D8FC3D800AFC860 /* Project object */;
			proxyType = 1;
			remoteGlobalIDString = 8B8E6C651D8FE0FB00AFC860;
			remoteInfo = testSiriExtensionUI;
		};
		8B8E6C751D8FE0FB00AFC860 /* PBXContainerItemProxy */ = {
			isa = PBXContainerItemProxy;
			containerPortal = 8B8E6C351D8FC3D800AFC860 /* Project object */;
			proxyType = 1;
			remoteGlobalIDString = 8B8E6C5B1D8FE0FA00AFC860;
			remoteInfo = testSiriExtension;
		};
/* End PBXContainerItemProxy section */

/* Begin PBXCopyFilesBuildPhase section */
		8B8E6C7E1D8FE0FB00AFC860 /* Embed App Extensions */ = {
			isa = PBXCopyFilesBuildPhase;
			buildActionMask = 2147483647;
			dstPath = "";
			dstSubfolderSpec = 13;
			files = (
				8B8E6C741D8FE0FB00AFC860 /* testSiriExtensionUI.appex in Embed App Extensions */,
				8B8E6C771D8FE0FB00AFC860 /* testSiriExtension.appex in Embed App Extensions */,
			);
			name = "Embed App Extensions";
			runOnlyForDeploymentPostprocessing = 0;
		};
/* End PBXCopyFilesBuildPhase section */

/* Begin PBXFileReference section */
		8B8E6C3D1D8FC3D900AFC860 /* textios10.app */ = {isa = PBXFileReference; explicitFileType = wrapper.application; includeInIndex = 0; path = textios10.app; sourceTree = BUILT_PRODUCTS_DIR; };
		8B8E6C411D8FC3D900AFC860 /* main.m */ = {isa = PBXFileReference; lastKnownFileType = sourcecode.c.objc; path = main.m; sourceTree = "<group>"; };
		8B8E6C431D8FC3D900AFC860 /* AppDelegate.h */ = {isa = PBXFileReference; lastKnownFileType = sourcecode.c.h; path = AppDelegate.h; sourceTree = "<group>"; };
		8B8E6C441D8FC3D900AFC860 /* AppDelegate.m */ = {isa = PBXFileReference; lastKnownFileType = sourcecode.c.objc; path = AppDelegate.m; sourceTree = "<group>"; };
		8B8E6C461D8FC3D900AFC860 /* ViewController.h */ = {isa = PBXFileReference; lastKnownFileType = sourcecode.c.h; path = ViewController.h; sourceTree = "<group>"; };
		8B8E6C471D8FC3D900AFC860 /* ViewController.m */ = {isa = PBXFileReference; lastKnownFileType = sourcecode.c.objc; path = ViewController.m; sourceTree = "<group>"; };
		8B8E6C4A1D8FC3D900AFC860 /* Base */ = {isa = PBXFileReference; lastKnownFileType = file.storyboard; name = Base; path = Base.lproj/Main.storyboard; sourceTree = "<group>"; };
		8B8E6C4C1D8FC3D900AFC860 /* Assets.xcassets */ = {isa = PBXFileReference; lastKnownFileType = folder.assetcatalog; path = Assets.xcassets; sourceTree = "<group>"; };
		8B8E6C4F1D8FC3D900AFC860 /* Base */ = {isa = PBXFileReference; lastKnownFileType = file.storyboard; name = Base; path = Base.lproj/LaunchScreen.storyboard; sourceTree = "<group>"; };
		8B8E6C511D8FC3D900AFC860 /* Info.plist */ = {isa = PBXFileReference; lastKnownFileType = text.plist.xml; path = Info.plist; sourceTree = "<group>"; };
		8B8E6C571D8FC76600AFC860 /* textios10.entitlements */ = {isa = PBXFileReference; lastKnownFileType = text.plist.entitlements; path = textios10.entitlements; sourceTree = "<group>"; };
		8B8E6C5C1D8FE0FA00AFC860 /* testSiriExtension.appex */ = {isa = PBXFileReference; explicitFileType = "wrapper.app-extension"; includeInIndex = 0; path = testSiriExtension.appex; sourceTree = BUILT_PRODUCTS_DIR; };
		8B8E6C5E1D8FE0FB00AFC860 /* IntentHandler.h */ = {isa = PBXFileReference; lastKnownFileType = sourcecode.c.h; path = IntentHandler.h; sourceTree = "<group>"; };
		8B8E6C5F1D8FE0FB00AFC860 /* IntentHandler.m */ = {isa = PBXFileReference; lastKnownFileType = sourcecode.c.objc; path = IntentHandler.m; sourceTree = "<group>"; };
		8B8E6C611D8FE0FB00AFC860 /* Info.plist */ = {isa = PBXFileReference; lastKnownFileType = text.plist.xml; path = Info.plist; sourceTree = "<group>"; };
		8B8E6C661D8FE0FB00AFC860 /* testSiriExtensionUI.appex */ = {isa = PBXFileReference; explicitFileType = "wrapper.app-extension"; includeInIndex = 0; path = testSiriExtensionUI.appex; sourceTree = BUILT_PRODUCTS_DIR; };
		8B8E6C681D8FE0FB00AFC860 /* IntentsUI.framework */ = {isa = PBXFileReference; lastKnownFileType = wrapper.framework; name = IntentsUI.framework; path = System/Library/Frameworks/IntentsUI.framework; sourceTree = SDKROOT; };
		8B8E6C6B1D8FE0FB00AFC860 /* IntentViewController.h */ = {isa = PBXFileReference; lastKnownFileType = sourcecode.c.h; path = IntentViewController.h; sourceTree = "<group>"; };
		8B8E6C6C1D8FE0FB00AFC860 /* IntentViewController.m */ = {isa = PBXFileReference; lastKnownFileType = sourcecode.c.objc; path = IntentViewController.m; sourceTree = "<group>"; };
		8B8E6C6F1D8FE0FB00AFC860 /* Base */ = {isa = PBXFileReference; lastKnownFileType = file.storyboard; name = Base; path = Base.lproj/MainInterface.storyboard; sourceTree = "<group>"; };
		8B8E6C711D8FE0FB00AFC860 /* Info.plist */ = {isa = PBXFileReference; lastKnownFileType = text.plist.xml; path = Info.plist; sourceTree = "<group>"; };
/* End PBXFileReference section */

/* Begin PBXFrameworksBuildPhase section */
		8B8E6C3A1D8FC3D800AFC860 /* Frameworks */ = {
			isa = PBXFrameworksBuildPhase;
			buildActionMask = 2147483647;
			files = (
			);
			runOnlyForDeploymentPostprocessing = 0;
		};
		8B8E6C591D8FE0FA00AFC860 /* Frameworks */ = {
			isa = PBXFrameworksBuildPhase;
			buildActionMask = 2147483647;
			files = (
			);
			runOnlyForDeploymentPostprocessing = 0;
		};
		8B8E6C631D8FE0FB00AFC860 /* Frameworks */ = {
			isa = PBXFrameworksBuildPhase;
			buildActionMask = 2147483647;
			files = (
				8B8E6C691D8FE0FB00AFC860 /* IntentsUI.framework in Frameworks */,
			);
			runOnlyForDeploymentPostprocessing = 0;
		};
/* End PBXFrameworksBuildPhase section */

/* Begin PBXGroup section */
		8B8E6C341D8FC3D800AFC860 = {
			isa = PBXGroup;
			children = (
				8B8E6C3F1D8FC3D900AFC860 /* textios10 */,
				8B8E6C5D1D8FE0FB00AFC860 /* testSiriExtension */,
				8B8E6C6A1D8FE0FB00AFC860 /* testSiriExtensionUI */,
				8B8E6C671D8FE0FB00AFC860 /* Frameworks */,
				8B8E6C3E1D8FC3D900AFC860 /* Products */,
			);
			sourceTree = "<group>";
		};
		8B8E6C3E1D8FC3D900AFC860 /* Products */ = {
			isa = PBXGroup;
			children = (
				8B8E6C3D1D8FC3D900AFC860 /* textios10.app */,
				8B8E6C5C1D8FE0FA00AFC860 /* testSiriExtension.appex */,
				8B8E6C661D8FE0FB00AFC860 /* testSiriExtensionUI.appex */,
			);
			name = Products;
			sourceTree = "<group>";
		};
		8B8E6C3F1D8FC3D900AFC860 /* textios10 */ = {
			isa = PBXGroup;
			children = (
				8B8E6C571D8FC76600AFC860 /* textios10.entitlements */,
				8B8E6C431D8FC3D900AFC860 /* AppDelegate.h */,
				8B8E6C441D8FC3D900AFC860 /* AppDelegate.m */,
				8B8E6C461D8FC3D900AFC860 /* ViewController.h */,
				8B8E6C471D8FC3D900AFC860 /* ViewController.m */,
				8B8E6C491D8FC3D900AFC860 /* Main.storyboard */,
				8B8E6C4C1D8FC3D900AFC860 /* Assets.xcassets */,
				8B8E6C4E1D8FC3D900AFC860 /* LaunchScreen.storyboard */,
				8B8E6C511D8FC3D900AFC860 /* Info.plist */,
				8B8E6C401D8FC3D900AFC860 /* Supporting Files */,
			);
			path = textios10;
			sourceTree = "<group>";
		};
		8B8E6C401D8FC3D900AFC860 /* Supporting Files */ = {
			isa = PBXGroup;
			children = (
				8B8E6C411D8FC3D900AFC860 /* main.m */,
			);
			name = "Supporting Files";
			sourceTree = "<group>";
		};
		8B8E6C5D1D8FE0FB00AFC860 /* testSiriExtension */ = {
			isa = PBXGroup;
			children = (
				8B8E6C5E1D8FE0FB00AFC860 /* IntentHandler.h */,
				8B8E6C5F1D8FE0FB00AFC860 /* IntentHandler.m */,
				8B8E6C611D8FE0FB00AFC860 /* Info.plist */,
			);
			path = testSiriExtension;
			sourceTree = "<group>";
		};
		8B8E6C671D8FE0FB00AFC860 /* Frameworks */ = {
			isa = PBXGroup;
			children = (
				8B8E6C681D8FE0FB00AFC860 /* IntentsUI.framework */,
			);
			name = Frameworks;
			sourceTree = "<group>";
		};
		8B8E6C6A1D8FE0FB00AFC860 /* testSiriExtensionUI */ = {
			isa = PBXGroup;
			children = (
				8B8E6C6B1D8FE0FB00AFC860 /* IntentViewController.h */,
				8B8E6C6C1D8FE0FB00AFC860 /* IntentViewController.m */,
				8B8E6C6E1D8FE0FB00AFC860 /* MainInterface.storyboard */,
				8B8E6C711D8FE0FB00AFC860 /* Info.plist */,
			);
			path = testSiriExtensionUI;
			sourceTree = "<group>";
		};
/* End PBXGroup section */

/* Begin PBXNativeTarget section */
		8B8E6C3C1D8FC3D800AFC860 /* textios10 */ = {
			isa = PBXNativeTarget;
			buildConfigurationList = 8B8E6C541D8FC3D900AFC860 /* Build configuration list for PBXNativeTarget "textios10" */;
			buildPhases = (
				8B8E6C391D8FC3D800AFC860 /* Sources */,
				8B8E6C3A1D8FC3D800AFC860 /* Frameworks */,
				8B8E6C3B1D8FC3D800AFC860 /* Resources */,
				8B8E6C7E1D8FE0FB00AFC860 /* Embed App Extensions */,
			);
			buildRules = (
			);
			dependencies = (
				8B8E6C731D8FE0FB00AFC860 /* PBXTargetDependency */,
				8B8E6C761D8FE0FB00AFC860 /* PBXTargetDependency */,
			);
			name = textios10;
			productName = textios10;
			productReference = 8B8E6C3D1D8FC3D900AFC860 /* textios10.app */;
			productType = "com.apple.product-type.application";
		};
		8B8E6C5B1D8FE0FA00AFC860 /* testSiriExtension */ = {
			isa = PBXNativeTarget;
			buildConfigurationList = 8B8E6C7B1D8FE0FB00AFC860 /* Build configuration list for PBXNativeTarget "testSiriExtension" */;
			buildPhases = (
				8B8E6C581D8FE0FA00AFC860 /* Sources */,
				8B8E6C591D8FE0FA00AFC860 /* Frameworks */,
				8B8E6C5A1D8FE0FA00AFC860 /* Resources */,
			);
			buildRules = (
			);
			dependencies = (
			);
			name = testSiriExtension;
			productName = testSiriExtension;
			productReference = 8B8E6C5C1D8FE0FA00AFC860 /* testSiriExtension.appex */;
			productType = "com.apple.product-type.app-extension";
		};
		8B8E6C651D8FE0FB00AFC860 /* testSiriExtensionUI */ = {
			isa = PBXNativeTarget;
			buildConfigurationList = 8B8E6C781D8FE0FB00AFC860 /* Build configuration list for PBXNativeTarget "testSiriExtensionUI" */;
			buildPhases = (
				8B8E6C621D8FE0FB00AFC860 /* Sources */,
				8B8E6C631D8FE0FB00AFC860 /* Frameworks */,
				8B8E6C641D8FE0FB00AFC860 /* Resources */,
			);
			buildRules = (
			);
			dependencies = (
			);
			name = testSiriExtensionUI;
			productName = testSiriExtensionUI;
			productReference = 8B8E6C661D8FE0FB00AFC860 /* testSiriExtensionUI.appex */;
			productType = "com.apple.product-type.app-extension";
		};
/* End PBXNativeTarget section */

/* Begin PBXProject section */
		8B8E6C351D8FC3D800AFC860 /* Project object */ = {
			isa = PBXProject;
			attributes = {
				LastUpgradeCheck = 0800;
				ORGANIZATIONNAME = digicorp;
				TargetAttributes = {
					8B8E6C3C1D8FC3D800AFC860 = {
						CreatedOnToolsVersion = 8.0;
						DevelopmentTeam = 56T8BECPLN;
						ProvisioningStyle = Manual;
						SystemCapabilities = {
							com.apple.Siri = {
								enabled = 1;
							};
						};
					};
					8B8E6C5B1D8FE0FA00AFC860 = {
						CreatedOnToolsVersion = 8.0;
						DevelopmentTeam = 56T8BECPLN;
						ProvisioningStyle = Automatic;
					};
					8B8E6C651D8FE0FB00AFC860 = {
						CreatedOnToolsVersion = 8.0;
						DevelopmentTeam = 56T8BECPLN;
						ProvisioningStyle = Automatic;
					};
				};
			};
			buildConfigurationList = 8B8E6C381D8FC3D800AFC860 /* Build configuration list for PBXProject "textios10" */;
			compatibilityVersion = "Xcode 3.2";
			developmentRegion = English;
			hasScannedForEncodings = 0;
			knownRegions = (
				en,
				Base,
			);
			mainGroup = 8B8E6C341D8FC3D800AFC860;
			productRefGroup = 8B8E6C3E1D8FC3D900AFC860 /* Products */;
			projectDirPath = "";
			projectRoot = "";
			targets = (
				8B8E6C3C1D8FC3D800AFC860 /* textios10 */,
				8B8E6C5B1D8FE0FA00AFC860 /* testSiriExtension */,
				8B8E6C651D8FE0FB00AFC860 /* testSiriExtensionUI */,
			);
		};
/* End PBXProject section */

/* Begin PBXResourcesBuildPhase section */
		8B8E6C3B1D8FC3D800AFC860 /* Resources */ = {
			isa = PBXResourcesBuildPhase;
			buildActionMask = 2147483647;
			files = (
				8B8E6C501D8FC3D900AFC860 /* LaunchScreen.storyboard in Resources */,
				8B8E6C4D1D8FC3D900AFC860 /* Assets.xcassets in Resources */,
				8B8E6C4B1D8FC3D900AFC860 /* Main.storyboard in Resources */,
			);
			runOnlyForDeploymentPostprocessing = 0;
		};
		8B8E6C5A1D8FE0FA00AFC860 /* Resources */ = {
			isa = PBXResourcesBuildPhase;
			buildActionMask = 2147483647;
			files = (
			);
			runOnlyForDeploymentPostprocessing = 0;
		};
		8B8E6C641D8FE0FB00AFC860 /* Resources */ = {
			isa = PBXResourcesBuildPhase;
			buildActionMask = 2147483647;
			files = (
				8B8E6C701D8FE0FB00AFC860 /* MainInterface.storyboard in Resources */,
			);
			runOnlyForDeploymentPostprocessing = 0;
		};
/* End PBXResourcesBuildPhase section */

/* Begin PBXSourcesBuildPhase section */
		8B8E6C391D8FC3D800AFC860 /* Sources */ = {
			isa = PBXSourcesBuildPhase;
			buildActionMask = 2147483647;
			files = (
				8B8E6C481D8FC3D900AFC860 /* ViewController.m in Sources */,
				8B8E6C451D8FC3D900AFC860 /* AppDelegate.m in Sources */,
				8B8E6C421D8FC3D900AFC860 /* main.m in Sources */,
			);
			runOnlyForDeploymentPostprocessing = 0;
		};
		8B8E6C581D8FE0FA00AFC860 /* Sources */ = {
			isa = PBXSourcesBuildPhase;
			buildActionMask = 2147483647;
			files = (
				8B8E6C601D8FE0FB00AFC860 /* IntentHandler.m in Sources */,
			);
			runOnlyForDeploymentPostprocessing = 0;
		};
		8B8E6C621D8FE0FB00AFC860 /* Sources */ = {
			isa = PBXSourcesBuildPhase;
			buildActionMask = 2147483647;
			files = (
				8B8E6C6D1D8FE0FB00AFC860 /* IntentViewController.m in Sources */,
			);
			runOnlyForDeploymentPostprocessing = 0;
		};
/* End PBXSourcesBuildPhase section */

/* Begin PBXTargetDependency section */
		8B8E6C731D8FE0FB00AFC860 /* PBXTargetDependency */ = {
			isa = PBXTargetDependency;
			target = 8B8E6C651D8FE0FB00AFC860 /* testSiriExtensionUI */;
			targetProxy = 8B8E6C721D8FE0FB00AFC860 /* PBXContainerItemProxy */;
		};
		8B8E6C761D8FE0FB00AFC860 /* PBXTargetDependency */ = {
			isa = PBXTargetDependency;
			target = 8B8E6C5B1D8FE0FA00AFC860 /* testSiriExtension */;
			targetProxy = 8B8E6C751D8FE0FB00AFC860 /* PBXContainerItemProxy */;
		};
/* End PBXTargetDependency section */

/* Begin PBXVariantGroup section */
		8B8E6C491D8FC3D900AFC860 /* Main.storyboard */ = {
			isa = PBXVariantGroup;
			children = (
				8B8E6C4A1D8FC3D900AFC860 /* Base */,
			);
			name = Main.storyboard;
			sourceTree = "<group>";
		};
		8B8E6C4E1D8FC3D900AFC860 /* LaunchScreen.storyboard */ = {
			isa = PBXVariantGroup;
			children = (
				8B8E6C4F1D8FC3D900AFC860 /* Base */,
			);
			name = LaunchScreen.storyboard;
			sourceTree = "<group>";
		};
		8B8E6C6E1D8FE0FB00AFC860 /* MainInterface.storyboard */ = {
			isa = PBXVariantGroup;
			children = (
				8B8E6C6F1D8FE0FB00AFC860 /* Base */,
			);
			name = MainInterface.storyboard;
			sourceTree = "<group>";
		};
/* End PBXVariantGroup section */

/* Begin XCBuildConfiguration section */
		8B8E6C521D8FC3D900AFC860 /* Debug */ = {
			isa = XCBuildConfiguration;
			buildSettings = {
				ALWAYS_SEARCH_USER_PATHS = NO;
				CLANG_ANALYZER_NONNULL = YES;
				CLANG_CXX_LANGUAGE_STANDARD = "gnu++0x";
				CLANG_CXX_LIBRARY = "libc++";
				CLANG_ENABLE_MODULES = YES;
				CLANG_ENABLE_OBJC_ARC = YES;
				CLANG_WARN_BOOL_CONVERSION = YES;
				CLANG_WARN_CONSTANT_CONVERSION = YES;
				CLANG_WARN_DIRECT_OBJC_ISA_USAGE = YES_ERROR;
				CLANG_WARN_DOCUMENTATION_COMMENTS = YES;
				CLANG_WARN_EMPTY_BODY = YES;
				CLANG_WARN_ENUM_CONVERSION = YES;
				CLANG_WARN_INFINITE_RECURSION = YES;
				CLANG_WARN_INT_CONVERSION = YES;
				CLANG_WARN_OBJC_ROOT_CLASS = YES_ERROR;
				CLANG_WARN_SUSPICIOUS_MOVES = YES;
				CLANG_WARN_UNREACHABLE_CODE = YES;
				CLANG_WARN__DUPLICATE_METHOD_MATCH = YES;
				"CODE_SIGN_IDENTITY[sdk=iphoneos*]" = "iPhone Developer";
				COPY_PHASE_STRIP = NO;
				DEBUG_INFORMATION_FORMAT = dwarf;
				ENABLE_STRICT_OBJC_MSGSEND = YES;
				ENABLE_TESTABILITY = YES;
				GCC_C_LANGUAGE_STANDARD = gnu99;
				GCC_DYNAMIC_NO_PIC = NO;
				GCC_NO_COMMON_BLOCKS = YES;
				GCC_OPTIMIZATION_LEVEL = 0;
				GCC_PREPROCESSOR_DEFINITIONS = (
					"DEBUG=1",
					"$(inherited)",
				);
				GCC_WARN_64_TO_32_BIT_CONVERSION = YES;
				GCC_WARN_ABOUT_RETURN_TYPE = YES_ERROR;
				GCC_WARN_UNDECLARED_SELECTOR = YES;
				GCC_WARN_UNINITIALIZED_AUTOS = YES_AGGRESSIVE;
				GCC_WARN_UNUSED_FUNCTION = YES;
				GCC_WARN_UNUSED_VARIABLE = YES;
				IPHONEOS_DEPLOYMENT_TARGET = 8.0;
				MTL_ENABLE_DEBUG_INFO = YES;
				ONLY_ACTIVE_ARCH = YES;
				SDKROOT = iphoneos;
				TARGETED_DEVICE_FAMILY = "1,2";
			};
			name = Debug;
		};
		8B8E6C531D8FC3D900AFC860 /* Release */ = {
			isa = XCBuildConfiguration;
			buildSettings = {
				ALWAYS_SEARCH_USER_PATHS = NO;
				CLANG_ANALYZER_NONNULL = YES;
				CLANG_CXX_LANGUAGE_STANDARD = "gnu++0x";
				CLANG_CXX_LIBRARY = "libc++";
				CLANG_ENABLE_MODULES = YES;
				CLANG_ENABLE_OBJC_ARC = YES;
				CLANG_WARN_BOOL_CONVERSION = YES;
				CLANG_WARN_CONSTANT_CONVERSION = YES;
				CLANG_WARN_DIRECT_OBJC_ISA_USAGE = YES_ERROR;
				CLANG_WARN_DOCUMENTATION_COMMENTS = YES;
				CLANG_WARN_EMPTY_BODY = YES;
				CLANG_WARN_ENUM_CONVERSION = YES;
				CLANG_WARN_INFINITE_RECURSION = YES;
				CLANG_WARN_INT_CONVERSION = YES;
				CLANG_WARN_OBJC_ROOT_CLASS = YES_ERROR;
				CLANG_WARN_SUSPICIOUS_MOVES = YES;
				CLANG_WARN_UNREACHABLE_CODE = YES;
				CLANG_WARN__DUPLICATE_METHOD_MATCH = YES;
				"CODE_SIGN_IDENTITY[sdk=iphoneos*]" = "iPhone Developer";
				COPY_PHASE_STRIP = NO;
				DEBUG_INFORMATION_FORMAT = "dwarf-with-dsym";
				ENABLE_NS_ASSERTIONS = NO;
				ENABLE_STRICT_OBJC_MSGSEND = YES;
				GCC_C_LANGUAGE_STANDARD = gnu99;
				GCC_NO_COMMON_BLOCKS = YES;
				GCC_WARN_64_TO_32_BIT_CONVERSION = YES;
				GCC_WARN_ABOUT_RETURN_TYPE = YES_ERROR;
				GCC_WARN_UNDECLARED_SELECTOR = YES;
				GCC_WARN_UNINITIALIZED_AUTOS = YES_AGGRESSIVE;
				GCC_WARN_UNUSED_FUNCTION = YES;
				GCC_WARN_UNUSED_VARIABLE = YES;
				IPHONEOS_DEPLOYMENT_TARGET = 8.0;
				MTL_ENABLE_DEBUG_INFO = NO;
				SDKROOT = iphoneos;
				TARGETED_DEVICE_FAMILY = "1,2";
				VALIDATE_PRODUCT = YES;
			};
			name = Release;
		};
		8B8E6C551D8FC3D900AFC860 /* Debug */ = {
			isa = XCBuildConfiguration;
			buildSettings = {
				ASSETCATALOG_COMPILER_APPICON_NAME = AppIcon;
				CODE_SIGN_ENTITLEMENTS = textios10/textios10.entitlements;
				"CODE_SIGN_IDENTITY[sdk=iphoneos*]" = "iPhone Developer";
				DEVELOPMENT_TEAM = 56T8BECPLN;
				INFOPLIST_FILE = textios10/Info.plist;
				IPHONEOS_DEPLOYMENT_TARGET = 8.0;
				LD_RUNPATH_SEARCH_PATHS = "$(inherited) @executable_path/Frameworks";
				PRODUCT_BUNDLE_IDENTIFIER = com.digicorp.demopush;
				PRODUCT_NAME = "$(TARGET_NAME)";
				PROVISIONING_PROFILE = "7aec813e-0567-4565-b7d8-275d22cc45f9";
				PROVISIONING_PROFILE_SPECIFIER = DemoPush;
			};
			name = Debug;
		};
		8B8E6C561D8FC3D900AFC860 /* Release */ = {
			isa = XCBuildConfiguration;
			buildSettings = {
				ASSETCATALOG_COMPILER_APPICON_NAME = AppIcon;
				CODE_SIGN_ENTITLEMENTS = textios10/textios10.entitlements;
				"CODE_SIGN_IDENTITY[sdk=iphoneos*]" = "iPhone Developer";
				DEVELOPMENT_TEAM = 56T8BECPLN;
				INFOPLIST_FILE = textios10/Info.plist;
				IPHONEOS_DEPLOYMENT_TARGET = 8.0;
				LD_RUNPATH_SEARCH_PATHS = "$(inherited) @executable_path/Frameworks";
				PRODUCT_BUNDLE_IDENTIFIER = com.digicorp.demopush;
				PRODUCT_NAME = "$(TARGET_NAME)";
				PROVISIONING_PROFILE = "7aec813e-0567-4565-b7d8-275d22cc45f9";
				PROVISIONING_PROFILE_SPECIFIER = DemoPush;
			};
			name = Release;
		};
		8B8E6C791D8FE0FB00AFC860 /* Debug */ = {
			isa = XCBuildConfiguration;
			buildSettings = {
				DEVELOPMENT_TEAM = 56T8BECPLN;
				INFOPLIST_FILE = testSiriExtensionUI/Info.plist;
				IPHONEOS_DEPLOYMENT_TARGET = 10.0;
				LD_RUNPATH_SEARCH_PATHS = "$(inherited) @executable_path/Frameworks @executable_path/../../Frameworks";
				PRODUCT_BUNDLE_IDENTIFIER = com.digicorp.demopush.testSiriExtensionUI;
				PRODUCT_NAME = "$(TARGET_NAME)";
				SKIP_INSTALL = YES;
			};
			name = Debug;
		};
		8B8E6C7A1D8FE0FB00AFC860 /* Release */ = {
			isa = XCBuildConfiguration;
			buildSettings = {
				DEVELOPMENT_TEAM = 56T8BECPLN;
				INFOPLIST_FILE = testSiriExtensionUI/Info.plist;
				IPHONEOS_DEPLOYMENT_TARGET = 10.0;
				LD_RUNPATH_SEARCH_PATHS = "$(inherited) @executable_path/Frameworks @executable_path/../../Frameworks";
				PRODUCT_BUNDLE_IDENTIFIER = com.digicorp.demopush.testSiriExtensionUI;
				PRODUCT_NAME = "$(TARGET_NAME)";
				SKIP_INSTALL = YES;
			};
			name = Release;
		};
		8B8E6C7C1D8FE0FB00AFC860 /* Debug */ = {
			isa = XCBuildConfiguration;
			buildSettings = {
				DEVELOPMENT_TEAM = 56T8BECPLN;
				INFOPLIST_FILE = testSiriExtension/Info.plist;
				IPHONEOS_DEPLOYMENT_TARGET = 10.0;
				LD_RUNPATH_SEARCH_PATHS = "$(inherited) @executable_path/Frameworks @executable_path/../../Frameworks";
				PRODUCT_BUNDLE_IDENTIFIER = com.digicorp.demopush.testSiriExtension;
				PRODUCT_NAME = "$(TARGET_NAME)";
				SKIP_INSTALL = YES;
			};
			name = Debug;
		};
		8B8E6C7D1D8FE0FB00AFC860 /* Release */ = {
			isa = XCBuildConfiguration;
			buildSettings = {
				DEVELOPMENT_TEAM = 56T8BECPLN;
				INFOPLIST_FILE = testSiriExtension/Info.plist;
				IPHONEOS_DEPLOYMENT_TARGET = 10.0;
				LD_RUNPATH_SEARCH_PATHS = "$(inherited) @executable_path/Frameworks @executable_path/../../Frameworks";
				PRODUCT_BUNDLE_IDENTIFIER = com.digicorp.demopush.testSiriExtension;
				PRODUCT_NAME = "$(TARGET_NAME)";
				SKIP_INSTALL = YES;
			};
			name = Release;
		};
/* End XCBuildConfiguration section */

/* Begin XCConfigurationList section */
		8B8E6C381D8FC3D800AFC860 /* Build configuration list for PBXProject "textios10" */ = {
			isa = XCConfigurationList;
			buildConfigurations = (
				8B8E6C521D8FC3D900AFC860 /* Debug */,
				8B8E6C531D8FC3D900AFC860 /* Release */,
			);
			defaultConfigurationIsVisible = 0;
			defaultConfigurationName = Release;
		};
		8B8E6C541D8FC3D900AFC860 /* Build configuration list for PBXNativeTarget "textios10" */ = {
			isa = XCConfigurationList;
			buildConfigurations = (
				8B8E6C551D8FC3D900AFC860 /* Debug */,
				8B8E6C561D8FC3D900AFC860 /* Release */,
			);
			defaultConfigurationIsVisible = 0;
		};
		8B8E6C781D8FE0FB00AFC860 /* Build configuration list for PBXNativeTarget "testSiriExtensionUI" */ = {
			isa = XCConfigurationList;
			buildConfigurations = (
				8B8E6C791D8FE0FB00AFC860 /* Debug */,
				8B8E6C7A1D8FE0FB00AFC860 /* Release */,
			);
			defaultConfigurationIsVisible = 0;
		};
		8B8E6C7B1D8FE0FB00AFC860 /* Build configuration list for PBXNativeTarget "testSiriExtension" */ = {
			isa = XCConfigurationList;
			buildConfigurations = (
				8B8E6C7C1D8FE0FB00AFC860 /* Debug */,
				8B8E6C7D1D8FE0FB00AFC860 /* Release */,
			);
			defaultConfigurationIsVisible = 0;
		};
/* End XCConfigurationList section */
	};
	rootObject = 8B8E6C351D8FC3D800AFC860 /* Project object */;
}
